
Microsoft Visual Studio Solution File, Format Version 12.00
# Visual Studio 2012
Project("{FAE04EC0-301F-11D3-BF4B-00C04F79EFBC}") = "Drugs", "Drugs.csproj", "{30AE140B-11EF-440C-9306-E4ECBC1C2B6C}"
EndProject
Project("{FAE04EC0-301F-11D3-BF4B-00C04F79EFBC}") = "KPresentationFramework", "..\..\Code\KPresentationFramework\KPresentationFramework.csproj", "{9FF83D41-76EF-41C0-9CA0-F55BB4C1E56F}"
EndProject
Project("{FAE04EC0-301F-11D3-BF4B-00C04F79EFBC}") = "KRecognizer", "..\..\Code\KRecognizer\KRecognizer.csproj", "{69C1D5B9-F248-45C0-B3E0-CDE66BB81693}"
EndProject
Global
	GlobalSection(SolutionConfigurationPlatforms) = preSolution
		Debug|Any CPU = Debug|Any CPU
		Release|Any CPU = Release|Any CPU
	EndGlobalSection
	GlobalSection(ProjectConfigurationPlatforms) = postSolution
		{30AE140B-11EF-440C-9306-E4ECBC1C2B6C}.Debug|Any CPU.ActiveCfg = Debug|Any CPU
		{30AE140B-11EF-440C-9306-E4ECBC1C2B6C}.Debug|Any CPU.Build.0 = Debug|Any CPU
		{30AE140B-11EF-440C-9306-E4ECBC1C2B6C}.Release|Any CPU.ActiveCfg = Release|Any CPU
		{30AE140B-11EF-440C-9306-E4ECBC1C2B6C}.Release|Any CPU.Build.0 = Release|Any CPU
		{9FF83D41-76EF-41C0-9CA0-F55BB4C1E56F}.Debug|Any CPU.ActiveCfg = Debug|Any CPU
		{9FF83D41-76EF-41C0-9CA0-F55BB4C1E56F}.Debug|Any CPU.Build.0 = Debug|Any CPU
		{9FF83D41-76EF-41C0-9CA0-F55BB4C1E56F}.Release|Any CPU.ActiveCfg = Release|Any CPU
		{9FF83D41-76EF-41C0-9CA0-F55BB4C1E56F}.Release|Any CPU.Build.0 = Release|Any CPU
		{69C1D5B9-F248-45C0-B3E0-CDE66BB81693}.Debug|Any CPU.ActiveCfg = Debug|Any CPU
		{69C1D5B9-F248-45C0-B3E0-CDE66BB81693}.Debug|Any CPU.Build.0 = Debug|Any CPU
		{69C1D5B9-F248-45C0-B3E0-CDE66BB81693}.Release|Any CPU.ActiveCfg = Release|Any CPU
		{69C1D5B9-F248-45C0-B3E0-CDE66BB81693}.Release|Any CPU.Build.0 = Release|Any CPU
	EndGlobalSection
	GlobalSection(SolutionProperties) = preSolution
		HideSolutionNode = FALSE
	EndGlobalSection
EndGlobal
